{
  "name": "uniapp",
  "lockfileVersion": 2,
  "requires": true,
  "packages": {
    "": {
      "dependencies": {
        "@escook/request-miniprogram": "^0.2.1",
        "animate.css": "^4.1.1",
        "uview-ui": "^1.8.8"
      }
    },
    "node_modules/@escook/request-miniprogram": {
      "version": "0.2.1",
      "resolved": "https://registry.npmmirror.com/@escook/request-miniprogram/-/request-miniprogram-0.2.1.tgz",
      "integrity": "sha512-ueWV5YsaEm/ycQZuEjMiA88GFMhfBQSjy9GrP9omy4xAQajkGTbYIlnhzsDfWzRPmRC1fKmAiKMrCVcgS+SHcQ=="
    },
    "node_modules/animate.css": {
      "version": "4.1.1",
      "resolved": "https://registry.npmmirror.com/animate.css/-/animate.css-4.1.1.tgz",
      "integrity": "sha512-+mRmCTv6SbCmtYJCN4faJMNFVNN5EuCTTprDTAo7YzIGji2KADmakjVA3+8mVDkZ2Bf09vayB35lSQIex2+QaQ=="
    },
    "node_modules/uview-ui": {
      "version": "1.8.8",
      "resolved": "https://registry.npmmirror.com/uview-ui/-/uview-ui-1.8.8.tgz",
      "integrity": "sha512-Osal3yzXiHor0In9OPTZuXTaqTbDglMZ9RGK/MPYDoQQs+y0hrBCUD0Xp5T70C8i2lLu2X6Z11zJhmsQWMR7Jg=="
    }
  },
  "dependencies": {
    "@escook/request-miniprogram": {
      "version": "0.2.1",
      "resolved": "https://registry.npmmirror.com/@escook/request-miniprogram/-/request-miniprogram-0.2.1.tgz",
      "integrity": "sha512-ueWV5YsaEm/ycQZuEjMiA88GFMhfBQSjy9GrP9omy4xAQajkGTbYIlnhzsDfWzRPmRC1fKmAiKMrCVcgS+SHcQ=="
    },
    "animate.css": {
      "version": "4.1.1",
      "resolved": "https://registry.npmmirror.com/animate.css/-/animate.css-4.1.1.tgz",
      "integrity": "sha512-+mRmCTv6SbCmtYJCN4faJMNFVNN5EuCTTprDTAo7YzIGji2KADmakjVA3+8mVDkZ2Bf09vayB35lSQIex2+QaQ=="
    },
    "uview-ui": {
      "version": "1.8.8",
      "resolved": "https://registry.npmmirror.com/uview-ui/-/uview-ui-1.8.8.tgz",
      "integrity": "sha512-Osal3yzXiHor0In9OPTZuXTaqTbDglMZ9RGK/MPYDoQQs+y0hrBCUD0Xp5T70C8i2lLu2X6Z11zJhmsQWMR7Jg=="
    }
  }
}
